<Solution>
    <Folder Name="/src/" />
    <Folder Name="/src/Services/">
        <Project Path="src/Services/ActionIn.Core/ActionIn.Core.csproj" />
    </Folder>
    <Folder Name="/src/Services/Authentication/">
        <Project Path="src/Services/Authentication/ActionIn.Authentication.Application/ActionIn.Authentication.Application.csproj" />
        <Project Path="src/Services/Authentication/ActionIn.Authentication.Data/ActionIn.Authentication.Data.csproj" />
        <Project Path="src/Services/Authentication/ActionIn.Authentication.Domain/ActionIn.Authentication.Domain.csproj" />
    </Folder>
    <Folder Name="/tests/">
        <Project Path="tests/ActionIn.Authentication.Tests/ActionIn.Authentication.Tests.csproj" />
        <Project Path="tests/ActionIn.Core.Tests/ActionIn.Core.Tests.csproj" />
    </Folder>
    <Folder Name="/WebApp/" />
</Solution>
