<Solution>
    <Folder Name="/src/">
        <Project Path="src/ActionIn.Authentication.Domain/ActionIn.Authentication.Domain.csproj" />
    </Folder>
    <Project Path="src/ActionIn.Core/ActionIn.Core.csproj" />
    <Project Path="tests/ActionIn.Core.Tests/ActionIn.Core.Tests.csproj" />
</Solution>
